
Microsoft Visual Studio Solution File, Format Version 12.00
# Visual Studio Version 16
VisualStudioVersion = 16.0.30204.135
MinimumVisualStudioVersion = 10.0.40219.1
Project("{FAE04EC0-301F-11D3-BF4B-00C04F79EFBC}") = "ExpiredFilesDestructorService", "ExpiredFilesDestructorService.csproj", "{947F07FF-C4FD-4F32-BB49-82F384B18F5B}"
EndProject
Global
	GlobalSection(SolutionConfigurationPlatforms) = preSolution
		Debug|Any CPU = Debug|Any CPU
		Release|Any CPU = Release|Any CPU
	EndGlobalSection
	GlobalSection(ProjectConfigurationPlatforms) = postSolution
		{947F07FF-C4FD-4F32-BB49-82F384B18F5B}.Debug|Any CPU.ActiveCfg = Debug|Any CPU
		{947F07FF-C4FD-4F32-BB49-82F384B18F5B}.Debug|Any CPU.Build.0 = Debug|Any CPU
		{947F07FF-C4FD-4F32-BB49-82F384B18F5B}.Release|Any CPU.ActiveCfg = Release|Any CPU
		{947F07FF-C4FD-4F32-BB49-82F384B18F5B}.Release|Any CPU.Build.0 = Release|Any CPU
	EndGlobalSection
	GlobalSection(SolutionProperties) = preSolution
		HideSolutionNode = FALSE
	EndGlobalSection
	GlobalSection(ExtensibilityGlobals) = postSolution
		SolutionGuid = {8EEAF698-2FC9-4089-BA08-3105F1D1CCF8}
	EndGlobalSection
EndGlobal
